{
  "name": "openfl",
  "requires": true,
  "lockfileVersion": 1,
  "dependencies": {
    "lix": {
      "version": "15.3.4",
      "resolved": "https://registry.npmjs.org/lix/-/lix-15.3.4.tgz",
      "integrity": "sha512-sAu1qvzDu4p+Mr9+DIb9QuDUEQKrtR8TpdV6OtaMIgNJR8I+bWzFg7WrTn6UhrXLufA+rKxWNHDsnobuzRYh5Q=="
    }
  }
}
